
Microsoft Visual Studio Solution File, Format Version 12.00
# Visual Studio 2012
Project("{2150E333-8FDC-42A3-9474-1A3956D46DE8}") = "src", "src", "{9C33CACA-C699-4C93-BA82-9AE99C9A0D3C}"
EndProject
Project("{2150E333-8FDC-42A3-9474-1A3956D46DE8}") = "tests", "tests", "{8D1A3558-9D76-4744-BDFE-AD25F8A1EE30}"
EndProject
Project("{2150E333-8FDC-42A3-9474-1A3956D46DE8}") = "benchmarks", "benchmarks", "{EC71519F-9DEA-49C1-9A29-8D97093C6BBF}"
EndProject
Project("{2150E333-8FDC-42A3-9474-1A3956D46DE8}") = ".nuget", ".nuget", "{77C030E6-8643-4966-BDEA-9CE1E8A96D42}"
	ProjectSection(SolutionItems) = preProject
		.nuget\NuGet.Config = .nuget\NuGet.Config
		.nuget\NuGet.exe = .nuget\NuGet.exe
		.nuget\NuGet.targets = .nuget\NuGet.targets
		.nuget\packages.config = .nuget\packages.config
	EndProjectSection
EndProject
Project("{FAE04EC0-301F-11D3-BF4B-00C04F79EFBC}") = "LinqOptimizer.Tests.CSharp", "tests\LinqOptimizer.Tests.CSharp\LinqOptimizer.Tests.CSharp.csproj", "{1E812A89-C8F1-463E-8E1E-765389A0A4BC}"
EndProject
Project("{F2A71F9B-5D33-465A-A702-920D77279786}") = "LinqOptimizer.Tests.FSharp", "tests\LinqOptimizer.Tests.FSharp\LinqOptimizer.Tests.FSharp.fsproj", "{38A228D2-764C-4103-9AC2-58452630CBA2}"
EndProject
Project("{FAE04EC0-301F-11D3-BF4B-00C04F79EFBC}") = "LinqOptimizer.Base", "src\LinqOptimizer.Base\LinqOptimizer.Base.csproj", "{F21F83A3-BDBD-4965-87D6-94E65A069A7B}"
EndProject
Project("{F2A71F9B-5D33-465A-A702-920D77279786}") = "LinqOptimizer.Core", "src\LinqOptimizer.Core\LinqOptimizer.Core.fsproj", "{6FEA9D47-1291-40CE-9716-619BCC2F485A}"
EndProject
Project("{FAE04EC0-301F-11D3-BF4B-00C04F79EFBC}") = "LinqOptimizer.CSharp", "src\LinqOptimizer.CSharp\LinqOptimizer.CSharp.csproj", "{E606C2C2-C219-4E51-B928-5B192E283A54}"
EndProject
Project("{F2A71F9B-5D33-465A-A702-920D77279786}") = "LinqOptimizer.FSharp", "src\LinqOptimizer.FSharp\LinqOptimizer.FSharp.fsproj", "{5C5FE9F9-91DF-44E2-A68D-B9A49828E0BB}"
EndProject
Project("{FAE04EC0-301F-11D3-BF4B-00C04F79EFBC}") = "LinqOptimizer.Benchmarks.CSharp", "benchmarks\LinqOptimizer.Benchmarks.CSharp\LinqOptimizer.Benchmarks.CSharp.csproj", "{2BB3E227-CB90-4FFD-9763-4DCD00B61D79}"
EndProject
Project("{F2A71F9B-5D33-465A-A702-920D77279786}") = "LinqOptimizer.Benchmarks.FSharp", "benchmarks\LinqOptimizer.Benchmarks.FSharp\LinqOptimizer.Benchmarks.FSharp.fsproj", "{99EC4E0D-C8F6-40DC-97D1-1E30A261E67F}"
EndProject
Project("{2150E333-8FDC-42A3-9474-1A3956D46DE8}") = "project", "project", "{3C6ADEC7-0540-4614-8454-3D8C7FD44C42}"
	ProjectSection(SolutionItems) = preProject
		.travis.yml = .travis.yml
		appveyor.yml = appveyor.yml
		build.cmd = build.cmd
		build.fsx = build.fsx
		build.sh = build.sh
		LICENSE.md = LICENSE.md
		nuget\LinqOptimizer.CSharp.nuspec = nuget\LinqOptimizer.CSharp.nuspec
		nuget\LinqOptimizer.FSharp.nuspec = nuget\LinqOptimizer.FSharp.nuspec
		README.md = README.md
		RELEASE_NOTES.md = RELEASE_NOTES.md
	EndProjectSection
EndProject
Global
	GlobalSection(SolutionConfigurationPlatforms) = preSolution
		Debug|Any CPU = Debug|Any CPU
		Release|Any CPU = Release|Any CPU
		Release-Mono|Any CPU = Release-Mono|Any CPU
	EndGlobalSection
	GlobalSection(ProjectConfigurationPlatforms) = postSolution
		{1E812A89-C8F1-463E-8E1E-765389A0A4BC}.Debug|Any CPU.ActiveCfg = Debug|Any CPU
		{1E812A89-C8F1-463E-8E1E-765389A0A4BC}.Debug|Any CPU.Build.0 = Debug|Any CPU
		{1E812A89-C8F1-463E-8E1E-765389A0A4BC}.Release|Any CPU.ActiveCfg = Release|Any CPU
		{1E812A89-C8F1-463E-8E1E-765389A0A4BC}.Release|Any CPU.Build.0 = Release|Any CPU
		{1E812A89-C8F1-463E-8E1E-765389A0A4BC}.Release-Mono|Any CPU.ActiveCfg = Release-Mono|Any CPU
		{1E812A89-C8F1-463E-8E1E-765389A0A4BC}.Release-Mono|Any CPU.Build.0 = Release-Mono|Any CPU
		{38A228D2-764C-4103-9AC2-58452630CBA2}.Debug|Any CPU.ActiveCfg = Debug|Any CPU
		{38A228D2-764C-4103-9AC2-58452630CBA2}.Debug|Any CPU.Build.0 = Debug|Any CPU
		{38A228D2-764C-4103-9AC2-58452630CBA2}.Release|Any CPU.ActiveCfg = Release|Any CPU
		{38A228D2-764C-4103-9AC2-58452630CBA2}.Release|Any CPU.Build.0 = Release|Any CPU
		{38A228D2-764C-4103-9AC2-58452630CBA2}.Release-Mono|Any CPU.ActiveCfg = Release|Any CPU
		{38A228D2-764C-4103-9AC2-58452630CBA2}.Release-Mono|Any CPU.Build.0 = Release|Any CPU
		{F21F83A3-BDBD-4965-87D6-94E65A069A7B}.Debug|Any CPU.ActiveCfg = Debug|Any CPU
		{F21F83A3-BDBD-4965-87D6-94E65A069A7B}.Debug|Any CPU.Build.0 = Debug|Any CPU
		{F21F83A3-BDBD-4965-87D6-94E65A069A7B}.Release|Any CPU.ActiveCfg = Release|Any CPU
		{F21F83A3-BDBD-4965-87D6-94E65A069A7B}.Release|Any CPU.Build.0 = Release|Any CPU
		{F21F83A3-BDBD-4965-87D6-94E65A069A7B}.Release-Mono|Any CPU.ActiveCfg = Release|Any CPU
		{F21F83A3-BDBD-4965-87D6-94E65A069A7B}.Release-Mono|Any CPU.Build.0 = Release|Any CPU
		{6FEA9D47-1291-40CE-9716-619BCC2F485A}.Debug|Any CPU.ActiveCfg = Debug|Any CPU
		{6FEA9D47-1291-40CE-9716-619BCC2F485A}.Debug|Any CPU.Build.0 = Debug|Any CPU
		{6FEA9D47-1291-40CE-9716-619BCC2F485A}.Release|Any CPU.ActiveCfg = Release|Any CPU
		{6FEA9D47-1291-40CE-9716-619BCC2F485A}.Release|Any CPU.Build.0 = Release|Any CPU
		{6FEA9D47-1291-40CE-9716-619BCC2F485A}.Release-Mono|Any CPU.ActiveCfg = Release|Any CPU
		{6FEA9D47-1291-40CE-9716-619BCC2F485A}.Release-Mono|Any CPU.Build.0 = Release|Any CPU
		{E606C2C2-C219-4E51-B928-5B192E283A54}.Debug|Any CPU.ActiveCfg = Debug|Any CPU
		{E606C2C2-C219-4E51-B928-5B192E283A54}.Debug|Any CPU.Build.0 = Debug|Any CPU
		{E606C2C2-C219-4E51-B928-5B192E283A54}.Release|Any CPU.ActiveCfg = Release|Any CPU
		{E606C2C2-C219-4E51-B928-5B192E283A54}.Release|Any CPU.Build.0 = Release|Any CPU
		{E606C2C2-C219-4E51-B928-5B192E283A54}.Release-Mono|Any CPU.ActiveCfg = Release|Any CPU
		{E606C2C2-C219-4E51-B928-5B192E283A54}.Release-Mono|Any CPU.Build.0 = Release|Any CPU
		{5C5FE9F9-91DF-44E2-A68D-B9A49828E0BB}.Debug|Any CPU.ActiveCfg = Debug|Any CPU
		{5C5FE9F9-91DF-44E2-A68D-B9A49828E0BB}.Debug|Any CPU.Build.0 = Debug|Any CPU
		{5C5FE9F9-91DF-44E2-A68D-B9A49828E0BB}.Release|Any CPU.ActiveCfg = Release|Any CPU
		{5C5FE9F9-91DF-44E2-A68D-B9A49828E0BB}.Release|Any CPU.Build.0 = Release|Any CPU
		{5C5FE9F9-91DF-44E2-A68D-B9A49828E0BB}.Release-Mono|Any CPU.ActiveCfg = Release|Any CPU
		{5C5FE9F9-91DF-44E2-A68D-B9A49828E0BB}.Release-Mono|Any CPU.Build.0 = Release|Any CPU
		{2BB3E227-CB90-4FFD-9763-4DCD00B61D79}.Debug|Any CPU.ActiveCfg = Debug|Any CPU
		{2BB3E227-CB90-4FFD-9763-4DCD00B61D79}.Debug|Any CPU.Build.0 = Debug|Any CPU
		{2BB3E227-CB90-4FFD-9763-4DCD00B61D79}.Release|Any CPU.ActiveCfg = Release|Any CPU
		{2BB3E227-CB90-4FFD-9763-4DCD00B61D79}.Release|Any CPU.Build.0 = Release|Any CPU
		{2BB3E227-CB90-4FFD-9763-4DCD00B61D79}.Release-Mono|Any CPU.ActiveCfg = Release|Any CPU
		{2BB3E227-CB90-4FFD-9763-4DCD00B61D79}.Release-Mono|Any CPU.Build.0 = Release|Any CPU
		{99EC4E0D-C8F6-40DC-97D1-1E30A261E67F}.Debug|Any CPU.ActiveCfg = Debug|Any CPU
		{99EC4E0D-C8F6-40DC-97D1-1E30A261E67F}.Debug|Any CPU.Build.0 = Debug|Any CPU
		{99EC4E0D-C8F6-40DC-97D1-1E30A261E67F}.Release|Any CPU.ActiveCfg = Release|Any CPU
		{99EC4E0D-C8F6-40DC-97D1-1E30A261E67F}.Release|Any CPU.Build.0 = Release|Any CPU
		{99EC4E0D-C8F6-40DC-97D1-1E30A261E67F}.Release-Mono|Any CPU.ActiveCfg = Release|Any CPU
		{99EC4E0D-C8F6-40DC-97D1-1E30A261E67F}.Release-Mono|Any CPU.Build.0 = Release|Any CPU
	EndGlobalSection
	GlobalSection(SolutionProperties) = preSolution
		HideSolutionNode = FALSE
	EndGlobalSection
	GlobalSection(NestedProjects) = preSolution
		{F21F83A3-BDBD-4965-87D6-94E65A069A7B} = {9C33CACA-C699-4C93-BA82-9AE99C9A0D3C}
		{6FEA9D47-1291-40CE-9716-619BCC2F485A} = {9C33CACA-C699-4C93-BA82-9AE99C9A0D3C}
		{E606C2C2-C219-4E51-B928-5B192E283A54} = {9C33CACA-C699-4C93-BA82-9AE99C9A0D3C}
		{5C5FE9F9-91DF-44E2-A68D-B9A49828E0BB} = {9C33CACA-C699-4C93-BA82-9AE99C9A0D3C}
		{1E812A89-C8F1-463E-8E1E-765389A0A4BC} = {8D1A3558-9D76-4744-BDFE-AD25F8A1EE30}
		{38A228D2-764C-4103-9AC2-58452630CBA2} = {8D1A3558-9D76-4744-BDFE-AD25F8A1EE30}
		{2BB3E227-CB90-4FFD-9763-4DCD00B61D79} = {EC71519F-9DEA-49C1-9A29-8D97093C6BBF}
		{99EC4E0D-C8F6-40DC-97D1-1E30A261E67F} = {EC71519F-9DEA-49C1-9A29-8D97093C6BBF}
	EndGlobalSection
EndGlobal
